{
  "name": "illustration",
  "version": "1.0.0",
  "lockfileVersion": 1,
  "requires": true,
  "dependencies": {
    "react-slider": {
      "version": "0.11.2",
      "resolved": "https://registry.npmjs.org/react-slider/-/react-slider-0.11.2.tgz",
      "integrity": "sha512-y49ZwJJ7OcPdihgt71xYI8GRdAzpFuSLQR8b+cKotutxqf8MAEPEtqvWKlg+3ZQRe5PMN6oWbIb7wEYDF8XhNQ=="
    }
  }
}
